
Microsoft Visual Studio Solution File, Format Version 12.00
# Visual Studio Version 17
VisualStudioVersion = 17.9.34723.18
MinimumVisualStudioVersion = 10.0.40219.1
Project("{FAE04EC0-301F-11D3-BF4B-00C04F79EFBC}") = "FirstVersionSimulator", "FirstVersionSimulator\FirstVersionSimulator.csproj", "{8FDBB062-6905-445C-9C56-D38E6222EDEF}"
EndProject
Global
	GlobalSection(SolutionConfigurationPlatforms) = preSolution
		Debug|Any CPU = Debug|Any CPU
		Release|Any CPU = Release|Any CPU
	EndGlobalSection
	GlobalSection(ProjectConfigurationPlatforms) = postSolution
		{8FDBB062-6905-445C-9C56-D38E6222EDEF}.Debug|Any CPU.ActiveCfg = Debug|Any CPU
		{8FDBB062-6905-445C-9C56-D38E6222EDEF}.Debug|Any CPU.Build.0 = Debug|Any CPU
		{8FDBB062-6905-445C-9C56-D38E6222EDEF}.Release|Any CPU.ActiveCfg = Release|Any CPU
		{8FDBB062-6905-445C-9C56-D38E6222EDEF}.Release|Any CPU.Build.0 = Release|Any CPU
	EndGlobalSection
	GlobalSection(SolutionProperties) = preSolution
		HideSolutionNode = FALSE
	EndGlobalSection
	GlobalSection(ExtensibilityGlobals) = postSolution
		SolutionGuid = {0E8A50D9-D5EA-4E26-A825-59096025CA8D}
	EndGlobalSection
EndGlobal
