
Microsoft Visual Studio Solution File, Format Version 12.00
# Visual Studio Version 17
VisualStudioVersion = 17.9.34723.18
MinimumVisualStudioVersion = 10.0.40219.1
Project("{FAE04EC0-301F-11D3-BF4B-00C04F79EFBC}") = "MultiplicationROMGenerator", "MultiplicationROMGenerator\MultiplicationROMGenerator.csproj", "{1F314166-0C06-4006-8DB1-A13A910C2E34}"
EndProject
Global
	GlobalSection(SolutionConfigurationPlatforms) = preSolution
		Debug|Any CPU = Debug|Any CPU
		Release|Any CPU = Release|Any CPU
	EndGlobalSection
	GlobalSection(ProjectConfigurationPlatforms) = postSolution
		{1F314166-0C06-4006-8DB1-A13A910C2E34}.Debug|Any CPU.ActiveCfg = Debug|Any CPU
		{1F314166-0C06-4006-8DB1-A13A910C2E34}.Debug|Any CPU.Build.0 = Debug|Any CPU
		{1F314166-0C06-4006-8DB1-A13A910C2E34}.Release|Any CPU.ActiveCfg = Release|Any CPU
		{1F314166-0C06-4006-8DB1-A13A910C2E34}.Release|Any CPU.Build.0 = Release|Any CPU
	EndGlobalSection
	GlobalSection(SolutionProperties) = preSolution
		HideSolutionNode = FALSE
	EndGlobalSection
	GlobalSection(ExtensibilityGlobals) = postSolution
		SolutionGuid = {6838EB0E-04EB-4B87-8B45-EFD1AFADDBF1}
	EndGlobalSection
EndGlobal
